
Microsoft Visual Studio Solution File, Format Version 12.00
# Visual Studio 11
Project("{F2A71F9B-5D33-465A-A702-920D77279786}") = "FSharp", "FSharp\FSharp.fsproj", "{3510984E-85B8-42AB-8FC9-82F9F0E65F4E}"
EndProject
Project("{FAE04EC0-301F-11D3-BF4B-00C04F79EFBC}") = "CSharp", "CSharp\CSharp.csproj", "{6006EAE8-0F91-4E05-B88C-26474561F134}"
EndProject
Global
	GlobalSection(SolutionConfigurationPlatforms) = preSolution
		Debug|Any CPU = Debug|Any CPU
		Debug|Mixed Platforms = Debug|Mixed Platforms
		Debug|Win32 = Debug|Win32
		Release|Any CPU = Release|Any CPU
		Release|Mixed Platforms = Release|Mixed Platforms
		Release|Win32 = Release|Win32
	EndGlobalSection
	GlobalSection(ProjectConfigurationPlatforms) = postSolution
		{3510984E-85B8-42AB-8FC9-82F9F0E65F4E}.Debug|Any CPU.ActiveCfg = Debug|Any CPU
		{3510984E-85B8-42AB-8FC9-82F9F0E65F4E}.Debug|Any CPU.Build.0 = Debug|Any CPU
		{3510984E-85B8-42AB-8FC9-82F9F0E65F4E}.Debug|Mixed Platforms.ActiveCfg = Debug|Any CPU
		{3510984E-85B8-42AB-8FC9-82F9F0E65F4E}.Debug|Mixed Platforms.Build.0 = Debug|Any CPU
		{3510984E-85B8-42AB-8FC9-82F9F0E65F4E}.Debug|Win32.ActiveCfg = Debug|Any CPU
		{3510984E-85B8-42AB-8FC9-82F9F0E65F4E}.Release|Any CPU.ActiveCfg = Release|Any CPU
		{3510984E-85B8-42AB-8FC9-82F9F0E65F4E}.Release|Any CPU.Build.0 = Release|Any CPU
		{3510984E-85B8-42AB-8FC9-82F9F0E65F4E}.Release|Mixed Platforms.ActiveCfg = Release|Any CPU
		{3510984E-85B8-42AB-8FC9-82F9F0E65F4E}.Release|Mixed Platforms.Build.0 = Release|Any CPU
		{3510984E-85B8-42AB-8FC9-82F9F0E65F4E}.Release|Win32.ActiveCfg = Release|Any CPU
		{6006EAE8-0F91-4E05-B88C-26474561F134}.Debug|Any CPU.ActiveCfg = Debug|Any CPU
		{6006EAE8-0F91-4E05-B88C-26474561F134}.Debug|Any CPU.Build.0 = Debug|Any CPU
		{6006EAE8-0F91-4E05-B88C-26474561F134}.Debug|Mixed Platforms.ActiveCfg = Debug|Any CPU
		{6006EAE8-0F91-4E05-B88C-26474561F134}.Debug|Mixed Platforms.Build.0 = Debug|Any CPU
		{6006EAE8-0F91-4E05-B88C-26474561F134}.Debug|Win32.ActiveCfg = Debug|Any CPU
		{6006EAE8-0F91-4E05-B88C-26474561F134}.Release|Any CPU.ActiveCfg = Release|Any CPU
		{6006EAE8-0F91-4E05-B88C-26474561F134}.Release|Any CPU.Build.0 = Release|Any CPU
		{6006EAE8-0F91-4E05-B88C-26474561F134}.Release|Mixed Platforms.ActiveCfg = Release|Any CPU
		{6006EAE8-0F91-4E05-B88C-26474561F134}.Release|Mixed Platforms.Build.0 = Release|Any CPU
		{6006EAE8-0F91-4E05-B88C-26474561F134}.Release|Win32.ActiveCfg = Release|Any CPU
	EndGlobalSection
	GlobalSection(SolutionProperties) = preSolution
		HideSolutionNode = FALSE
	EndGlobalSection
EndGlobal
